
Microsoft Visual Studio Solution File, Format Version 12.00
# Visual Studio 2012
Project("{FAE04EC0-301F-11D3-BF4B-00C04F79EFBC}") = "AgentWatchApplication1", "AgentWatchApplication1\AgentWatchApplication1\AgentWatchApplication1.csproj", "{658AE2B8-C846-4F09-8F25-62713CB246F0}"
EndProject
Project("{FAE04EC0-301F-11D3-BF4B-00C04F79EFBC}") = "AgentWatchBackend", "AgentWatchApplication1\AgentWatchBackend\AgentWatchBackend.csproj", "{9B3A3BEE-9789-4A56-A194-FCADF1169047}"
EndProject
Global
	GlobalSection(SolutionConfigurationPlatforms) = preSolution
		Debug|Any CPU = Debug|Any CPU
		Release|Any CPU = Release|Any CPU
	EndGlobalSection
	GlobalSection(ProjectConfigurationPlatforms) = postSolution
		{658AE2B8-C846-4F09-8F25-62713CB246F0}.Debug|Any CPU.ActiveCfg = Debug|Any CPU
		{658AE2B8-C846-4F09-8F25-62713CB246F0}.Debug|Any CPU.Build.0 = Debug|Any CPU
		{658AE2B8-C846-4F09-8F25-62713CB246F0}.Debug|Any CPU.Deploy.0 = Debug|Any CPU
		{658AE2B8-C846-4F09-8F25-62713CB246F0}.Release|Any CPU.ActiveCfg = Release|Any CPU
		{658AE2B8-C846-4F09-8F25-62713CB246F0}.Release|Any CPU.Build.0 = Release|Any CPU
		{658AE2B8-C846-4F09-8F25-62713CB246F0}.Release|Any CPU.Deploy.0 = Release|Any CPU
		{9B3A3BEE-9789-4A56-A194-FCADF1169047}.Debug|Any CPU.ActiveCfg = Debug|Any CPU
		{9B3A3BEE-9789-4A56-A194-FCADF1169047}.Debug|Any CPU.Build.0 = Debug|Any CPU
		{9B3A3BEE-9789-4A56-A194-FCADF1169047}.Release|Any CPU.ActiveCfg = Release|Any CPU
		{9B3A3BEE-9789-4A56-A194-FCADF1169047}.Release|Any CPU.Build.0 = Release|Any CPU
	EndGlobalSection
	GlobalSection(SolutionProperties) = preSolution
		HideSolutionNode = FALSE
	EndGlobalSection
EndGlobal
