
Microsoft Visual Studio Solution File, Format Version 12.00
# Visual Studio 2012
Project("{FAE04EC0-301F-11D3-BF4B-00C04F79EFBC}") = "AzureMicroHelpers", "AzureMicroHelpers\AzureMicroHelpers.csproj", "{D009BCFE-0990-42A4-8799-3D4F3F28366C}"
EndProject
Project("{FAE04EC0-301F-11D3-BF4B-00C04F79EFBC}") = "AzureMicroClients.GadgeteerSpider", "AzureMicroClients.GadgeteerSpider\AzureMicroClients.GadgeteerSpider.csproj", "{D0D59CDE-F78D-415D-8D17-98BD712D6CE2}"
EndProject
Project("{FAE04EC0-301F-11D3-BF4B-00C04F79EFBC}") = "TemperatureRecording", "TemperatureRecording\TemperatureRecording.csproj", "{5FBF422D-A405-46AC-B6FF-23EC789C712E}"
EndProject
Global
	GlobalSection(SolutionConfigurationPlatforms) = preSolution
		Debug|Any CPU = Debug|Any CPU
		Release|Any CPU = Release|Any CPU
	EndGlobalSection
	GlobalSection(ProjectConfigurationPlatforms) = postSolution
		{D009BCFE-0990-42A4-8799-3D4F3F28366C}.Debug|Any CPU.ActiveCfg = Debug|Any CPU
		{D009BCFE-0990-42A4-8799-3D4F3F28366C}.Debug|Any CPU.Build.0 = Debug|Any CPU
		{D009BCFE-0990-42A4-8799-3D4F3F28366C}.Release|Any CPU.ActiveCfg = Release|Any CPU
		{D009BCFE-0990-42A4-8799-3D4F3F28366C}.Release|Any CPU.Build.0 = Release|Any CPU
		{D0D59CDE-F78D-415D-8D17-98BD712D6CE2}.Debug|Any CPU.ActiveCfg = Debug|Any CPU
		{D0D59CDE-F78D-415D-8D17-98BD712D6CE2}.Debug|Any CPU.Build.0 = Debug|Any CPU
		{D0D59CDE-F78D-415D-8D17-98BD712D6CE2}.Debug|Any CPU.Deploy.0 = Debug|Any CPU
		{D0D59CDE-F78D-415D-8D17-98BD712D6CE2}.Release|Any CPU.ActiveCfg = Release|Any CPU
		{D0D59CDE-F78D-415D-8D17-98BD712D6CE2}.Release|Any CPU.Build.0 = Release|Any CPU
		{D0D59CDE-F78D-415D-8D17-98BD712D6CE2}.Release|Any CPU.Deploy.0 = Release|Any CPU
		{5FBF422D-A405-46AC-B6FF-23EC789C712E}.Debug|Any CPU.ActiveCfg = Debug|Any CPU
		{5FBF422D-A405-46AC-B6FF-23EC789C712E}.Debug|Any CPU.Build.0 = Debug|Any CPU
		{5FBF422D-A405-46AC-B6FF-23EC789C712E}.Release|Any CPU.ActiveCfg = Release|Any CPU
		{5FBF422D-A405-46AC-B6FF-23EC789C712E}.Release|Any CPU.Build.0 = Release|Any CPU
	EndGlobalSection
	GlobalSection(SolutionProperties) = preSolution
		HideSolutionNode = FALSE
	EndGlobalSection
EndGlobal
